
Microsoft Visual Studio Solution File, Format Version 12.00
# Visual Studio 14
VisualStudioVersion = 14.0.25420.1
MinimumVisualStudioVersion = 10.0.40219.1
Project("{FAE04EC0-301F-11D3-BF4B-00C04F79EFBC}") = "TOFI.DataAccess", "TOFI.DataAccess\TOFI.DataAccess.csproj", "{12D792CB-C027-4244-B9E0-9F33743DADE3}"
EndProject
Project("{FAE04EC0-301F-11D3-BF4B-00C04F79EFBC}") = "TOFI.BusinessLayer", "TOFI.BusinessLayer\TOFI.BusinessLayer.csproj", "{83E0CA30-658B-47BB-8431-C722E39CAD2D}"
EndProject
Project("{FAE04EC0-301F-11D3-BF4B-00C04F79EFBC}") = "TOFI.Web", "TOFI.Web\TOFI.Web.csproj", "{EF19289A-20D0-430A-9104-373A908ACBA4}"
EndProject
Project("{FAE04EC0-301F-11D3-BF4B-00C04F79EFBC}") = "TOFI.TransferObjects", "TOFI.TransferObjects\TOFI.TransferObjects.csproj", "{16C9F8F2-41FB-4FB1-9A2E-F976DFDF1352}"
EndProject
Project("{FAE04EC0-301F-11D3-BF4B-00C04F79EFBC}") = "TOFI.DependencyInjection", "TOFI.DependencyInjection\TOFI.DependencyInjection.csproj", "{3E90398A-E2E3-4656-99E1-38FAC57E96F8}"
EndProject
Global
	GlobalSection(SolutionConfigurationPlatforms) = preSolution
		Debug|Any CPU = Debug|Any CPU
		Release|Any CPU = Release|Any CPU
	EndGlobalSection
	GlobalSection(ProjectConfigurationPlatforms) = postSolution
		{12D792CB-C027-4244-B9E0-9F33743DADE3}.Debug|Any CPU.ActiveCfg = Debug|Any CPU
		{12D792CB-C027-4244-B9E0-9F33743DADE3}.Debug|Any CPU.Build.0 = Debug|Any CPU
		{12D792CB-C027-4244-B9E0-9F33743DADE3}.Release|Any CPU.ActiveCfg = Release|Any CPU
		{12D792CB-C027-4244-B9E0-9F33743DADE3}.Release|Any CPU.Build.0 = Release|Any CPU
		{83E0CA30-658B-47BB-8431-C722E39CAD2D}.Debug|Any CPU.ActiveCfg = Debug|Any CPU
		{83E0CA30-658B-47BB-8431-C722E39CAD2D}.Debug|Any CPU.Build.0 = Debug|Any CPU
		{83E0CA30-658B-47BB-8431-C722E39CAD2D}.Release|Any CPU.ActiveCfg = Release|Any CPU
		{83E0CA30-658B-47BB-8431-C722E39CAD2D}.Release|Any CPU.Build.0 = Release|Any CPU
		{EF19289A-20D0-430A-9104-373A908ACBA4}.Debug|Any CPU.ActiveCfg = Debug|Any CPU
		{EF19289A-20D0-430A-9104-373A908ACBA4}.Debug|Any CPU.Build.0 = Debug|Any CPU
		{EF19289A-20D0-430A-9104-373A908ACBA4}.Release|Any CPU.ActiveCfg = Release|Any CPU
		{EF19289A-20D0-430A-9104-373A908ACBA4}.Release|Any CPU.Build.0 = Release|Any CPU
		{16C9F8F2-41FB-4FB1-9A2E-F976DFDF1352}.Debug|Any CPU.ActiveCfg = Debug|Any CPU
		{16C9F8F2-41FB-4FB1-9A2E-F976DFDF1352}.Debug|Any CPU.Build.0 = Debug|Any CPU
		{16C9F8F2-41FB-4FB1-9A2E-F976DFDF1352}.Release|Any CPU.ActiveCfg = Release|Any CPU
		{16C9F8F2-41FB-4FB1-9A2E-F976DFDF1352}.Release|Any CPU.Build.0 = Release|Any CPU
		{3E90398A-E2E3-4656-99E1-38FAC57E96F8}.Debug|Any CPU.ActiveCfg = Debug|Any CPU
		{3E90398A-E2E3-4656-99E1-38FAC57E96F8}.Debug|Any CPU.Build.0 = Debug|Any CPU
		{3E90398A-E2E3-4656-99E1-38FAC57E96F8}.Release|Any CPU.ActiveCfg = Release|Any CPU
		{3E90398A-E2E3-4656-99E1-38FAC57E96F8}.Release|Any CPU.Build.0 = Release|Any CPU
	EndGlobalSection
	GlobalSection(SolutionProperties) = preSolution
		HideSolutionNode = FALSE
	EndGlobalSection
EndGlobal
